
Microsoft Visual Studio Solution File, Format Version 12.00
# Visual Studio Version 16
VisualStudioVersion = 16.0.31321.278
MinimumVisualStudioVersion = 10.0.40219.1
Project("{FAE04EC0-301F-11D3-BF4B-00C04F79EFBC}") = "calculatrice_bise", "calculatrice_bise\calculatrice_bise.csproj", "{6BDFE5AE-14DA-4A12-9C5C-363CD937AECC}"
EndProject
Global
	GlobalSection(SolutionConfigurationPlatforms) = preSolution
		Debug|Any CPU = Debug|Any CPU
		Release|Any CPU = Release|Any CPU
	EndGlobalSection
	GlobalSection(ProjectConfigurationPlatforms) = postSolution
		{6BDFE5AE-14DA-4A12-9C5C-363CD937AECC}.Debug|Any CPU.ActiveCfg = Debug|Any CPU
		{6BDFE5AE-14DA-4A12-9C5C-363CD937AECC}.Debug|Any CPU.Build.0 = Debug|Any CPU
		{6BDFE5AE-14DA-4A12-9C5C-363CD937AECC}.Release|Any CPU.ActiveCfg = Release|Any CPU
		{6BDFE5AE-14DA-4A12-9C5C-363CD937AECC}.Release|Any CPU.Build.0 = Release|Any CPU
	EndGlobalSection
	GlobalSection(SolutionProperties) = preSolution
		HideSolutionNode = FALSE
	EndGlobalSection
	GlobalSection(ExtensibilityGlobals) = postSolution
		SolutionGuid = {E17287D5-2991-493A-BEEC-AA8BDCCF8127}
	EndGlobalSection
EndGlobal
